
Microsoft Visual Studio Solution File, Format Version 12.00
# Visual Studio 15
VisualStudioVersion = 15.0.27428.2015
MinimumVisualStudioVersion = 10.0.40219.1
Project("{9A19103F-16F7-4668-BE54-9A1E7A4F7556}") = "CodefictionApi", "CodefictionApi\CodefictionApi.csproj", "{CDC593BA-3BA2-4892-B21C-3D75A12018CD}"
EndProject
Project("{2150E333-8FDC-42A3-9474-1A3956D46DE8}") = "Tests", "Tests", "{F7C617AE-18D0-4B7A-B628-F098D1E42155}"
EndProject
Project("{9A19103F-16F7-4668-BE54-9A1E7A4F7556}") = "CodefictionApi.Tests", "Tests\CodefictionApi.Tests\CodefictionApi.Tests.csproj", "{945A32D7-3F83-4C96-876A-CD6A7A1A9399}"
EndProject
Project("{9A19103F-16F7-4668-BE54-9A1E7A4F7556}") = "CodefictionApi.Core", "CodefictionApi.Core\CodefictionApi.Core.csproj", "{AC3DCEA5-7319-4EEF-9630-4A2746653B39}"
EndProject
Project("{FAE04EC0-301F-11D3-BF4B-00C04F79EFBC}") = "CodefictionApi.Core.Tests", "Tests\CodefictionApi.Core.Tests\CodefictionApi.Core.Tests.csproj", "{547D777A-EF8A-416D-883C-8D371392FBD1}"
EndProject
Global
	GlobalSection(SolutionConfigurationPlatforms) = preSolution
		Debug|Any CPU = Debug|Any CPU
		Release|Any CPU = Release|Any CPU
	EndGlobalSection
	GlobalSection(ProjectConfigurationPlatforms) = postSolution
		{CDC593BA-3BA2-4892-B21C-3D75A12018CD}.Debug|Any CPU.ActiveCfg = Debug|Any CPU
		{CDC593BA-3BA2-4892-B21C-3D75A12018CD}.Debug|Any CPU.Build.0 = Debug|Any CPU
		{CDC593BA-3BA2-4892-B21C-3D75A12018CD}.Release|Any CPU.ActiveCfg = Release|Any CPU
		{CDC593BA-3BA2-4892-B21C-3D75A12018CD}.Release|Any CPU.Build.0 = Release|Any CPU
		{945A32D7-3F83-4C96-876A-CD6A7A1A9399}.Debug|Any CPU.ActiveCfg = Debug|Any CPU
		{945A32D7-3F83-4C96-876A-CD6A7A1A9399}.Debug|Any CPU.Build.0 = Debug|Any CPU
		{945A32D7-3F83-4C96-876A-CD6A7A1A9399}.Release|Any CPU.ActiveCfg = Release|Any CPU
		{945A32D7-3F83-4C96-876A-CD6A7A1A9399}.Release|Any CPU.Build.0 = Release|Any CPU
		{AC3DCEA5-7319-4EEF-9630-4A2746653B39}.Debug|Any CPU.ActiveCfg = Debug|Any CPU
		{AC3DCEA5-7319-4EEF-9630-4A2746653B39}.Debug|Any CPU.Build.0 = Debug|Any CPU
		{AC3DCEA5-7319-4EEF-9630-4A2746653B39}.Release|Any CPU.ActiveCfg = Release|Any CPU
		{AC3DCEA5-7319-4EEF-9630-4A2746653B39}.Release|Any CPU.Build.0 = Release|Any CPU
		{547D777A-EF8A-416D-883C-8D371392FBD1}.Debug|Any CPU.ActiveCfg = Debug|Any CPU
		{547D777A-EF8A-416D-883C-8D371392FBD1}.Debug|Any CPU.Build.0 = Debug|Any CPU
		{547D777A-EF8A-416D-883C-8D371392FBD1}.Release|Any CPU.ActiveCfg = Release|Any CPU
		{547D777A-EF8A-416D-883C-8D371392FBD1}.Release|Any CPU.Build.0 = Release|Any CPU
	EndGlobalSection
	GlobalSection(SolutionProperties) = preSolution
		HideSolutionNode = FALSE
	EndGlobalSection
	GlobalSection(NestedProjects) = preSolution
		{945A32D7-3F83-4C96-876A-CD6A7A1A9399} = {F7C617AE-18D0-4B7A-B628-F098D1E42155}
		{547D777A-EF8A-416D-883C-8D371392FBD1} = {F7C617AE-18D0-4B7A-B628-F098D1E42155}
	EndGlobalSection
	GlobalSection(ExtensibilityGlobals) = postSolution
		SolutionGuid = {2A3DE6BB-F61D-4BEF-A021-B3442FCBC575}
	EndGlobalSection
EndGlobal
